// !$*UTF8*$!
{
	archiveVersion = 1;
	classes = {
	};
	objectVersion = 46;
	objects = {

/* Begin PBXBuildFile section */
		BF39A1171D73CF6B00387C7D /* childB.cpp in Sources */ = {isa = PBXBuildFile; fileRef = BF39A1161D73CF6B00387C7D /* childB.cpp */; };
		BF39A11A1D73D3A400387C7D /* childA.cpp in Sources */ = {isa = PBXBuildFile; fileRef = BF39A1181D73D3A400387C7D /* childA.cpp */; };
		BF920C421D709CE500C52079 /* main.cpp in Sources */ = {isa = PBXBuildFile; fileRef = BF920C411D709CE500C52079 /* main.cpp */; };
/* End PBXBuildFile section */

/* Begin PBXCopyFilesBuildPhase section */
		BF920C3C1D709CE500C52079 /* CopyFiles */ = {
			isa = PBXCopyFilesBuildPhase;
			buildActionMask = 2147483647;
			dstPath = /usr/share/man/man1/;
			dstSubfolderSpec = 0;
			files = (
			);
			runOnlyForDeploymentPostprocessing = 1;
		};
/* End PBXCopyFilesBuildPhase section */

/* Begin PBXFileReference section */
		BF39A1161D73CF6B00387C7D /* childB.cpp */ = {isa = PBXFileReference; fileEncoding = 4; lastKnownFileType = sourcecode.cpp.cpp; path = childB.cpp; sourceTree = "<group>"; };
		BF39A1181D73D3A400387C7D /* childA.cpp */ = {isa = PBXFileReference; fileEncoding = 4; lastKnownFileType = sourcecode.cpp.cpp; path = childA.cpp; sourceTree = "<group>"; };
		BF39A1191D73D3A400387C7D /* childA.hpp */ = {isa = PBXFileReference; fileEncoding = 4; lastKnownFileType = sourcecode.cpp.h; path = childA.hpp; sourceTree = "<group>"; };
		BF39A11B1D73D3CA00387C7D /* childB.hpp */ = {isa = PBXFileReference; lastKnownFileType = sourcecode.cpp.h; path = childB.hpp; sourceTree = "<group>"; };
		BF920C3E1D709CE500C52079 /* Multi-process */ = {isa = PBXFileReference; explicitFileType = "compiled.mach-o.executable"; includeInIndex = 0; path = "Multi-process"; sourceTree = BUILT_PRODUCTS_DIR; };
		BF920C411D709CE500C52079 /* main.cpp */ = {isa = PBXFileReference; lastKnownFileType = sourcecode.cpp.cpp; path = main.cpp; sourceTree = "<group>"; };
/* End PBXFileReference section */

/* Begin PBXFrameworksBuildPhase section */
		BF920C3B1D709CE500C52079 /* Frameworks */ = {
			isa = PBXFrameworksBuildPhase;
			buildActionMask = 2147483647;
			files = (
			);
			runOnlyForDeploymentPostprocessing = 0;
		};
/* End PBXFrameworksBuildPhase section */

/* Begin PBXGroup section */
		BF920C351D709CE500C52079 = {
			isa = PBXGroup;
			children = (
				BF920C401D709CE500C52079 /* Multi-process */,
				BF920C3F1D709CE500C52079 /* Products */,
			);
			sourceTree = "<group>";
		};
		BF920C3F1D709CE500C52079 /* Products */ = {
			isa = PBXGroup;
			children = (
				BF920C3E1D709CE500C52079 /* Multi-process */,
			);
			name = Products;
			sourceTree = "<group>";
		};
		BF920C401D709CE500C52079 /* Multi-process */ = {
			isa = PBXGroup;
			children = (
				BF39A1181D73D3A400387C7D /* childA.cpp */,
				BF39A1191D73D3A400387C7D /* childA.hpp */,
				BF920C411D709CE500C52079 /* main.cpp */,
				BF39A1161D73CF6B00387C7D /* childB.cpp */,
				BF39A11B1D73D3CA00387C7D /* childB.hpp */,
			);
			path = "Multi-process";
			sourceTree = "<group>";
		};
/* End PBXGroup section */

/* Begin PBXNativeTarget section */
		BF920C3D1D709CE500C52079 /* Multi-process */ = {
			isa = PBXNativeTarget;
			buildConfigurationList = BF920C451D709CE500C52079 /* Build configuration list for PBXNativeTarget "Multi-process" */;
			buildPhases = (
				BF920C3A1D709CE500C52079 /* Sources */,
				BF920C3B1D709CE500C52079 /* Frameworks */,
				BF920C3C1D709CE500C52079 /* CopyFiles */,
			);
			buildRules = (
			);
			dependencies = (
			);
			name = "Multi-process";
			productName = "Multi-process";
			productReference = BF920C3E1D709CE500C52079 /* Multi-process */;
			productType = "com.apple.product-type.tool";
		};
/* End PBXNativeTarget section */

/* Begin PBXProject section */
		BF920C361D709CE500C52079 /* Project object */ = {
			isa = PBXProject;
			attributes = {
				LastUpgradeCheck = 0730;
				ORGANIZATIONNAME = vincent;
				TargetAttributes = {
					BF920C3D1D709CE500C52079 = {
						CreatedOnToolsVersion = 7.3.1;
					};
				};
			};
			buildConfigurationList = BF920C391D709CE500C52079 /* Build configuration list for PBXProject "Multi-process" */;
			compatibilityVersion = "Xcode 3.2";
			developmentRegion = English;
			hasScannedForEncodings = 0;
			knownRegions = (
				en,
			);
			mainGroup = BF920C351D709CE500C52079;
			productRefGroup = BF920C3F1D709CE500C52079 /* Products */;
			projectDirPath = "";
			projectRoot = "";
			targets = (
				BF920C3D1D709CE500C52079 /* Multi-process */,
			);
		};
/* End PBXProject section */

/* Begin PBXSourcesBuildPhase section */
		BF920C3A1D709CE500C52079 /* Sources */ = {
			isa = PBXSourcesBuildPhase;
			buildActionMask = 2147483647;
			files = (
				BF39A11A1D73D3A400387C7D /* childA.cpp in Sources */,
				BF920C421D709CE500C52079 /* main.cpp in Sources */,
				BF39A1171D73CF6B00387C7D /* childB.cpp in Sources */,
			);
			runOnlyForDeploymentPostprocessing = 0;
		};
/* End PBXSourcesBuildPhase section */

/* Begin XCBuildConfiguration section */
		BF920C431D709CE500C52079 /* Debug */ = {
			isa = XCBuildConfiguration;
			buildSettings = {
				ALWAYS_SEARCH_USER_PATHS = NO;
				CLANG_ANALYZER_NONNULL = YES;
				CLANG_CXX_LANGUAGE_STANDARD = "gnu++0x";
				CLANG_CXX_LIBRARY = "libc++";
				CLANG_ENABLE_MODULES = YES;
				CLANG_ENABLE_OBJC_ARC = YES;
				CLANG_WARN_BOOL_CONVERSION = YES;
				CLANG_WARN_CONSTANT_CONVERSION = YES;
				CLANG_WARN_DIRECT_OBJC_ISA_USAGE = YES_ERROR;
				CLANG_WARN_EMPTY_BODY = YES;
				CLANG_WARN_ENUM_CONVERSION = YES;
				CLANG_WARN_INT_CONVERSION = YES;
				CLANG_WARN_OBJC_ROOT_CLASS = YES_ERROR;
				CLANG_WARN_UNREACHABLE_CODE = YES;
				CLANG_WARN__DUPLICATE_METHOD_MATCH = YES;
				CODE_SIGN_IDENTITY = "-";
				COPY_PHASE_STRIP = NO;
				DEBUG_INFORMATION_FORMAT = dwarf;
				ENABLE_STRICT_OBJC_MSGSEND = YES;
				ENABLE_TESTABILITY = YES;
				GCC_C_LANGUAGE_STANDARD = gnu99;
				GCC_DYNAMIC_NO_PIC = NO;
				GCC_NO_COMMON_BLOCKS = YES;
				GCC_OPTIMIZATION_LEVEL = 0;
				GCC_PREPROCESSOR_DEFINITIONS = (
					"DEBUG=1",
					"$(inherited)",
				);
				GCC_WARN_64_TO_32_BIT_CONVERSION = YES;
				GCC_WARN_ABOUT_RETURN_TYPE = YES_ERROR;
				GCC_WARN_UNDECLARED_SELECTOR = YES;
				GCC_WARN_UNINITIALIZED_AUTOS = YES_AGGRESSIVE;
				GCC_WARN_UNUSED_FUNCTION = YES;
				GCC_WARN_UNUSED_VARIABLE = YES;
				MACOSX_DEPLOYMENT_TARGET = 10.11;
				MTL_ENABLE_DEBUG_INFO = YES;
				ONLY_ACTIVE_ARCH = YES;
				SDKROOT = macosx;
			};
			name = Debug;
		};
		BF920C441D709CE500C52079 /* Release */ = {
			isa = XCBuildConfiguration;
			buildSettings = {
				ALWAYS_SEARCH_USER_PATHS = NO;
				CLANG_ANALYZER_NONNULL = YES;
				CLANG_CXX_LANGUAGE_STANDARD = "gnu++0x";
				CLANG_CXX_LIBRARY = "libc++";
				CLANG_ENABLE_MODULES = YES;
				CLANG_ENABLE_OBJC_ARC = YES;
				CLANG_WARN_BOOL_CONVERSION = YES;
				CLANG_WARN_CONSTANT_CONVERSION = YES;
				CLANG_WARN_DIRECT_OBJC_ISA_USAGE = YES_ERROR;
				CLANG_WARN_EMPTY_BODY = YES;
				CLANG_WARN_ENUM_CONVERSION = YES;
				CLANG_WARN_INT_CONVERSION = YES;
				CLANG_WARN_OBJC_ROOT_CLASS = YES_ERROR;
				CLANG_WARN_UNREACHABLE_CODE = YES;
				CLANG_WARN__DUPLICATE_METHOD_MATCH = YES;
				CODE_SIGN_IDENTITY = "-";
				COPY_PHASE_STRIP = NO;
				DEBUG_INFORMATION_FORMAT = "dwarf-with-dsym";
				ENABLE_NS_ASSERTIONS = NO;
				ENABLE_STRICT_OBJC_MSGSEND = YES;
				GCC_C_LANGUAGE_STANDARD = gnu99;
				GCC_NO_COMMON_BLOCKS = YES;
				GCC_WARN_64_TO_32_BIT_CONVERSION = YES;
				GCC_WARN_ABOUT_RETURN_TYPE = YES_ERROR;
				GCC_WARN_UNDECLARED_SELECTOR = YES;
				GCC_WARN_UNINITIALIZED_AUTOS = YES_AGGRESSIVE;
				GCC_WARN_UNUSED_FUNCTION = YES;
				GCC_WARN_UNUSED_VARIABLE = YES;
				MACOSX_DEPLOYMENT_TARGET = 10.11;
				MTL_ENABLE_DEBUG_INFO = NO;
				SDKROOT = macosx;
			};
			name = Release;
		};
		BF920C461D709CE500C52079 /* Debug */ = {
			isa = XCBuildConfiguration;
			buildSettings = {
				PRODUCT_NAME = "$(TARGET_NAME)";
			};
			name = Debug;
		};
		BF920C471D709CE500C52079 /* Release */ = {
			isa = XCBuildConfiguration;
			buildSettings = {
				PRODUCT_NAME = "$(TARGET_NAME)";
			};
			name = Release;
		};
/* End XCBuildConfiguration section */

/* Begin XCConfigurationList section */
		BF920C391D709CE500C52079 /* Build configuration list for PBXProject "Multi-process" */ = {
			isa = XCConfigurationList;
			buildConfigurations = (
				BF920C431D709CE500C52079 /* Debug */,
				BF920C441D709CE500C52079 /* Release */,
			);
			defaultConfigurationIsVisible = 0;
			defaultConfigurationName = Release;
		};
		BF920C451D709CE500C52079 /* Build configuration list for PBXNativeTarget "Multi-process" */ = {
			isa = XCConfigurationList;
			buildConfigurations = (
				BF920C461D709CE500C52079 /* Debug */,
				BF920C471D709CE500C52079 /* Release */,
			);
			defaultConfigurationIsVisible = 0;
			defaultConfigurationName = Release;
		};
/* End XCConfigurationList section */
	};
	rootObject = BF920C361D709CE500C52079 /* Project object */;
}
